Microsoft Visual Studio Solution File, Format Version 11.00
# Visual Studio 2008

Project("{7ED056BB-C6C4-BBE4-EB1E-10960C1BB947}") = "SideScrollArcher", "Assembly-CSharp.csproj", "{7D6B891F-61D3-7C46-CDD5-69A936505CA4}"
EndProject
Global
	GlobalSection(SolutionConfigurationPlatforms) = preSolution
		Debug|Any CPU = Debug|Any CPU
		Release|Any CPU = Release|Any CPU
	EndGlobalSection
	GlobalSection(ProjectConfigurationPlatforms) = postSolution
		{7D6B891F-61D3-7C46-CDD5-69A936505CA4}.Debug|Any CPU.ActiveCfg = Debug|Any CPU
		{7D6B891F-61D3-7C46-CDD5-69A936505CA4}.Debug|Any CPU.Build.0 = Debug|Any CPU
		{7D6B891F-61D3-7C46-CDD5-69A936505CA4}.Release|Any CPU.ActiveCfg = Release|Any CPU
		{7D6B891F-61D3-7C46-CDD5-69A936505CA4}.Release|Any CPU.Build.0 = Release|Any CPU
	EndGlobalSection
	GlobalSection(SolutionProperties) = preSolution
		HideSolutionNode = FALSE
	EndGlobalSection
	GlobalSection(MonoDevelopProperties) = preSolution
		StartupItem = Assembly-CSharp.csproj
	EndGlobalSection
EndGlobal
